
Microsoft Visual Studio Solution File, Format Version 12.00
Project("{FAE04EC0-301F-11D3-BF4B-00C04F79EFBC}") = "BinarySearch", "BinarySearch\BinarySearch.csproj", "{7AE12A9F-2676-4630-A69F-8AD3991F2FD1}"
EndProject
Project("{FAE04EC0-301F-11D3-BF4B-00C04F79EFBC}") = "SelectionSort", "SelectionSort\SelectionSort.csproj", "{FDA8AC54-26E5-42CE-850F-A5A0B0CF3641}"
EndProject
Project("{FAE04EC0-301F-11D3-BF4B-00C04F79EFBC}") = "AlgorithmsTests", "AlgorithmsTests\AlgorithmsTests.csproj", "{113ABCFC-876F-461A-8CFA-680A474751B6}"
EndProject
Project("{2150E333-8FDC-42A3-9474-1A3956D46DE8}") = "Tests", "Tests", "{28B6EDDE-1B4C-4495-80FC-95B7B8954376}"
EndProject
Project("{2150E333-8FDC-42A3-9474-1A3956D46DE8}") = "src", "src", "{E307653C-078E-4561-A529-9095399032A2}"
EndProject
Project("{FAE04EC0-301F-11D3-BF4B-00C04F79EFBC}") = "QuickSort", "QuickSort\QuickSort.csproj", "{7625B71E-31B6-4143-861B-E3F32EBE8C05}"
EndProject
Project("{FAE04EC0-301F-11D3-BF4B-00C04F79EFBC}") = "BreadthFirstSearch", "BreadthFirstSearch\BreadthFirstSearch.csproj", "{5D8CC1CD-F80E-4700-A1DC-A8E1ECC13429}"
EndProject
Global
	GlobalSection(SolutionConfigurationPlatforms) = preSolution
		Debug|Any CPU = Debug|Any CPU
		Release|Any CPU = Release|Any CPU
	EndGlobalSection
	GlobalSection(ProjectConfigurationPlatforms) = postSolution
		{7AE12A9F-2676-4630-A69F-8AD3991F2FD1}.Debug|Any CPU.ActiveCfg = Debug|Any CPU
		{7AE12A9F-2676-4630-A69F-8AD3991F2FD1}.Debug|Any CPU.Build.0 = Debug|Any CPU
		{7AE12A9F-2676-4630-A69F-8AD3991F2FD1}.Release|Any CPU.ActiveCfg = Release|Any CPU
		{7AE12A9F-2676-4630-A69F-8AD3991F2FD1}.Release|Any CPU.Build.0 = Release|Any CPU
		{FDA8AC54-26E5-42CE-850F-A5A0B0CF3641}.Debug|Any CPU.ActiveCfg = Debug|Any CPU
		{FDA8AC54-26E5-42CE-850F-A5A0B0CF3641}.Debug|Any CPU.Build.0 = Debug|Any CPU
		{FDA8AC54-26E5-42CE-850F-A5A0B0CF3641}.Release|Any CPU.ActiveCfg = Release|Any CPU
		{FDA8AC54-26E5-42CE-850F-A5A0B0CF3641}.Release|Any CPU.Build.0 = Release|Any CPU
		{113ABCFC-876F-461A-8CFA-680A474751B6}.Debug|Any CPU.ActiveCfg = Debug|Any CPU
		{113ABCFC-876F-461A-8CFA-680A474751B6}.Debug|Any CPU.Build.0 = Debug|Any CPU
		{113ABCFC-876F-461A-8CFA-680A474751B6}.Release|Any CPU.ActiveCfg = Release|Any CPU
		{113ABCFC-876F-461A-8CFA-680A474751B6}.Release|Any CPU.Build.0 = Release|Any CPU
		{7625B71E-31B6-4143-861B-E3F32EBE8C05}.Debug|Any CPU.ActiveCfg = Debug|Any CPU
		{7625B71E-31B6-4143-861B-E3F32EBE8C05}.Debug|Any CPU.Build.0 = Debug|Any CPU
		{7625B71E-31B6-4143-861B-E3F32EBE8C05}.Release|Any CPU.ActiveCfg = Release|Any CPU
		{7625B71E-31B6-4143-861B-E3F32EBE8C05}.Release|Any CPU.Build.0 = Release|Any CPU
		{5D8CC1CD-F80E-4700-A1DC-A8E1ECC13429}.Debug|Any CPU.ActiveCfg = Debug|Any CPU
		{5D8CC1CD-F80E-4700-A1DC-A8E1ECC13429}.Debug|Any CPU.Build.0 = Debug|Any CPU
		{5D8CC1CD-F80E-4700-A1DC-A8E1ECC13429}.Release|Any CPU.ActiveCfg = Release|Any CPU
		{5D8CC1CD-F80E-4700-A1DC-A8E1ECC13429}.Release|Any CPU.Build.0 = Release|Any CPU
	EndGlobalSection
	GlobalSection(NestedProjects) = preSolution
		{113ABCFC-876F-461A-8CFA-680A474751B6} = {28B6EDDE-1B4C-4495-80FC-95B7B8954376}
		{7AE12A9F-2676-4630-A69F-8AD3991F2FD1} = {E307653C-078E-4561-A529-9095399032A2}
		{FDA8AC54-26E5-42CE-850F-A5A0B0CF3641} = {E307653C-078E-4561-A529-9095399032A2}
		{7625B71E-31B6-4143-861B-E3F32EBE8C05} = {E307653C-078E-4561-A529-9095399032A2}
		{5D8CC1CD-F80E-4700-A1DC-A8E1ECC13429} = {E307653C-078E-4561-A529-9095399032A2}
	EndGlobalSection
EndGlobal
